
Microsoft Visual Studio Solution File, Format Version 12.00
# Visual Studio 15
VisualStudioVersion = 15.0.26124.0
MinimumVisualStudioVersion = 15.0.26124.0
Project("{FAE04EC0-301F-11D3-BF4B-00C04F79EFBC}") = "ESV2ClassLib", "ESV2ClassLib\ESV2ClassLib.csproj", "{669B4FF8-F798-47B6-8DA9-8EDD5AB52FAC}"
EndProject
Project("{FAE04EC0-301F-11D3-BF4B-00C04F79EFBC}") = "ESV2Tests", "ESV2Tests\ESV2Tests.csproj", "{2A50C6D4-27F3-4DC4-B777-ABCCB183F535}"
EndProject
Global
	GlobalSection(SolutionConfigurationPlatforms) = preSolution
		Debug|Any CPU = Debug|Any CPU
		Debug|x64 = Debug|x64
		Debug|x86 = Debug|x86
		Release|Any CPU = Release|Any CPU
		Release|x64 = Release|x64
		Release|x86 = Release|x86
	EndGlobalSection
	GlobalSection(SolutionProperties) = preSolution
		HideSolutionNode = FALSE
	EndGlobalSection
	GlobalSection(ProjectConfigurationPlatforms) = postSolution
		{669B4FF8-F798-47B6-8DA9-8EDD5AB52FAC}.Debug|Any CPU.ActiveCfg = Debug|Any CPU
		{669B4FF8-F798-47B6-8DA9-8EDD5AB52FAC}.Debug|Any CPU.Build.0 = Debug|Any CPU
		{669B4FF8-F798-47B6-8DA9-8EDD5AB52FAC}.Debug|x64.ActiveCfg = Debug|x64
		{669B4FF8-F798-47B6-8DA9-8EDD5AB52FAC}.Debug|x64.Build.0 = Debug|x64
		{669B4FF8-F798-47B6-8DA9-8EDD5AB52FAC}.Debug|x86.ActiveCfg = Debug|x86
		{669B4FF8-F798-47B6-8DA9-8EDD5AB52FAC}.Debug|x86.Build.0 = Debug|x86
		{669B4FF8-F798-47B6-8DA9-8EDD5AB52FAC}.Release|Any CPU.ActiveCfg = Release|Any CPU
		{669B4FF8-F798-47B6-8DA9-8EDD5AB52FAC}.Release|Any CPU.Build.0 = Release|Any CPU
		{669B4FF8-F798-47B6-8DA9-8EDD5AB52FAC}.Release|x64.ActiveCfg = Release|x64
		{669B4FF8-F798-47B6-8DA9-8EDD5AB52FAC}.Release|x64.Build.0 = Release|x64
		{669B4FF8-F798-47B6-8DA9-8EDD5AB52FAC}.Release|x86.ActiveCfg = Release|x86
		{669B4FF8-F798-47B6-8DA9-8EDD5AB52FAC}.Release|x86.Build.0 = Release|x86
		{2A50C6D4-27F3-4DC4-B777-ABCCB183F535}.Debug|Any CPU.ActiveCfg = Debug|Any CPU
		{2A50C6D4-27F3-4DC4-B777-ABCCB183F535}.Debug|Any CPU.Build.0 = Debug|Any CPU
		{2A50C6D4-27F3-4DC4-B777-ABCCB183F535}.Debug|x64.ActiveCfg = Debug|x64
		{2A50C6D4-27F3-4DC4-B777-ABCCB183F535}.Debug|x64.Build.0 = Debug|x64
		{2A50C6D4-27F3-4DC4-B777-ABCCB183F535}.Debug|x86.ActiveCfg = Debug|x86
		{2A50C6D4-27F3-4DC4-B777-ABCCB183F535}.Debug|x86.Build.0 = Debug|x86
		{2A50C6D4-27F3-4DC4-B777-ABCCB183F535}.Release|Any CPU.ActiveCfg = Release|Any CPU
		{2A50C6D4-27F3-4DC4-B777-ABCCB183F535}.Release|Any CPU.Build.0 = Release|Any CPU
		{2A50C6D4-27F3-4DC4-B777-ABCCB183F535}.Release|x64.ActiveCfg = Release|x64
		{2A50C6D4-27F3-4DC4-B777-ABCCB183F535}.Release|x64.Build.0 = Release|x64
		{2A50C6D4-27F3-4DC4-B777-ABCCB183F535}.Release|x86.ActiveCfg = Release|x86
		{2A50C6D4-27F3-4DC4-B777-ABCCB183F535}.Release|x86.Build.0 = Release|x86
	EndGlobalSection
EndGlobal
